// !$*UTF8*$!
{
	archiveVersion = 1;
	classes = {
	};
	objectVersion = 55;
	objects = {

/* Begin PBXBuildFile section */
		8EAF7304281A9A9A00FF770C /* ScrumDingerApp.swift in Sources */ = {isa = PBXBuildFile; fileRef = 8EAF7303281A9A9A00FF770C /* ScrumDingerApp.swift */; };
		8EAF7306281A9A9A00FF770C /* MeetingView.swift in Sources */ = {isa = PBXBuildFile; fileRef = 8EAF7305281A9A9A00FF770C /* MeetingView.swift */; };
		8EAF7308281A9A9C00FF770C /* Assets.xcassets in Resources */ = {isa = PBXBuildFile; fileRef = 8EAF7307281A9A9C00FF770C /* Assets.xcassets */; };
		8EAF730B281A9A9C00FF770C /* Preview Assets.xcassets in Resources */ = {isa = PBXBuildFile; fileRef = 8EAF730A281A9A9C00FF770C /* Preview Assets.xcassets */; };
		8EAF7315281A9A9C00FF770C /* ScrumDingerTests.swift in Sources */ = {isa = PBXBuildFile; fileRef = 8EAF7314281A9A9C00FF770C /* ScrumDingerTests.swift */; };
		8EAF731F281A9A9C00FF770C /* ScrumDingerUITests.swift in Sources */ = {isa = PBXBuildFile; fileRef = 8EAF731E281A9A9C00FF770C /* ScrumDingerUITests.swift */; };
		8EAF7321281A9A9C00FF770C /* ScrumDingerUITestsLaunchTests.swift in Sources */ = {isa = PBXBuildFile; fileRef = 8EAF7320281A9A9C00FF770C /* ScrumDingerUITestsLaunchTests.swift */; };
		8EAF732F281AA2AE00FF770C /* Theme.swift in Sources */ = {isa = PBXBuildFile; fileRef = 8EAF732E281AA2AE00FF770C /* Theme.swift */; };
		8EAF7331281AB4FA00FF770C /* DailyScrum.swift in Sources */ = {isa = PBXBuildFile; fileRef = 8EAF7330281AB4FA00FF770C /* DailyScrum.swift */; };
		8EAF7333281AB57900FF770C /* CardView.swift in Sources */ = {isa = PBXBuildFile; fileRef = 8EAF7332281AB57900FF770C /* CardView.swift */; };
		8EAF7335281ABFF900FF770C /* TrailingIconLabelStyle.swift in Sources */ = {isa = PBXBuildFile; fileRef = 8EAF7334281ABFF900FF770C /* TrailingIconLabelStyle.swift */; };
/* End PBXBuildFile section */

/* Begin PBXContainerItemProxy section */
		8EAF7311281A9A9C00FF770C /* PBXContainerItemProxy */ = {
			isa = PBXContainerItemProxy;
			containerPortal = 8EAF72F8281A9A9A00FF770C /* Project object */;
			proxyType = 1;
			remoteGlobalIDString = 8EAF72FF281A9A9A00FF770C;
			remoteInfo = ScrumDinger;
		};
		8EAF731B281A9A9C00FF770C /* PBXContainerItemProxy */ = {
			isa = PBXContainerItemProxy;
			containerPortal = 8EAF72F8281A9A9A00FF770C /* Project object */;
			proxyType = 1;
			remoteGlobalIDString = 8EAF72FF281A9A9A00FF770C;
			remoteInfo = ScrumDinger;
		};
/* End PBXContainerItemProxy section */

/* Begin PBXFileReference section */
		8EAF7300281A9A9A00FF770C /* ScrumDinger.app */ = {isa = PBXFileReference; explicitFileType = wrapper.application; includeInIndex = 0; path = ScrumDinger.app; sourceTree = BUILT_PRODUCTS_DIR; };
		8EAF7303281A9A9A00FF770C /* ScrumDingerApp.swift */ = {isa = PBXFileReference; lastKnownFileType = sourcecode.swift; path = ScrumDingerApp.swift; sourceTree = "<group>"; };
		8EAF7305281A9A9A00FF770C /* MeetingView.swift */ = {isa = PBXFileReference; lastKnownFileType = sourcecode.swift; path = MeetingView.swift; sourceTree = "<group>"; };
		8EAF7307281A9A9C00FF770C /* Assets.xcassets */ = {isa = PBXFileReference; lastKnownFileType = folder.assetcatalog; path = Assets.xcassets; sourceTree = "<group>"; };
		8EAF730A281A9A9C00FF770C /* Preview Assets.xcassets */ = {isa = PBXFileReference; lastKnownFileType = folder.assetcatalog; path = "Preview Assets.xcassets"; sourceTree = "<group>"; };
		8EAF7310281A9A9C00FF770C /* ScrumDingerTests.xctest */ = {isa = PBXFileReference; explicitFileType = wrapper.cfbundle; includeInIndex = 0; path = ScrumDingerTests.xctest; sourceTree = BUILT_PRODUCTS_DIR; };
		8EAF7314281A9A9C00FF770C /* ScrumDingerTests.swift */ = {isa = PBXFileReference; lastKnownFileType = sourcecode.swift; path = ScrumDingerTests.swift; sourceTree = "<group>"; };
		8EAF731A281A9A9C00FF770C /* ScrumDingerUITests.xctest */ = {isa = PBXFileReference; explicitFileType = wrapper.cfbundle; includeInIndex = 0; path = ScrumDingerUITests.xctest; sourceTree = BUILT_PRODUCTS_DIR; };
		8EAF731E281A9A9C00FF770C /* ScrumDingerUITests.swift */ = {isa = PBXFileReference; lastKnownFileType = sourcecode.swift; path = ScrumDingerUITests.swift; sourceTree = "<group>"; };
		8EAF7320281A9A9C00FF770C /* ScrumDingerUITestsLaunchTests.swift */ = {isa = PBXFileReference; lastKnownFileType = sourcecode.swift; path = ScrumDingerUITestsLaunchTests.swift; sourceTree = "<group>"; };
		8EAF732E281AA2AE00FF770C /* Theme.swift */ = {isa = PBXFileReference; lastKnownFileType = sourcecode.swift; path = Theme.swift; sourceTree = "<group>"; };
		8EAF7330281AB4FA00FF770C /* DailyScrum.swift */ = {isa = PBXFileReference; lastKnownFileType = sourcecode.swift; path = DailyScrum.swift; sourceTree = "<group>"; };
		8EAF7332281AB57900FF770C /* CardView.swift */ = {isa = PBXFileReference; lastKnownFileType = sourcecode.swift; path = CardView.swift; sourceTree = "<group>"; };
		8EAF7334281ABFF900FF770C /* TrailingIconLabelStyle.swift */ = {isa = PBXFileReference; lastKnownFileType = sourcecode.swift; path = TrailingIconLabelStyle.swift; sourceTree = "<group>"; };
/* End PBXFileReference section */

/* Begin PBXFrameworksBuildPhase section */
		8EAF72FD281A9A9A00FF770C /* Frameworks */ = {
			isa = PBXFrameworksBuildPhase;
			buildActionMask = 2147483647;
			files = (
			);
			runOnlyForDeploymentPostprocessing = 0;
		};
		8EAF730D281A9A9C00FF770C /* Frameworks */ = {
			isa = PBXFrameworksBuildPhase;
			buildActionMask = 2147483647;
			files = (
			);
			runOnlyForDeploymentPostprocessing = 0;
		};
		8EAF7317281A9A9C00FF770C /* Frameworks */ = {
			isa = PBXFrameworksBuildPhase;
			buildActionMask = 2147483647;
			files = (
			);
			runOnlyForDeploymentPostprocessing = 0;
		};
/* End PBXFrameworksBuildPhase section */

/* Begin PBXGroup section */
		8EAF72F7281A9A9A00FF770C = {
			isa = PBXGroup;
			children = (
				8EAF7302281A9A9A00FF770C /* ScrumDinger */,
				8EAF7313281A9A9C00FF770C /* ScrumDingerTests */,
				8EAF731D281A9A9C00FF770C /* ScrumDingerUITests */,
				8EAF7301281A9A9A00FF770C /* Products */,
			);
			sourceTree = "<group>";
		};
		8EAF7301281A9A9A00FF770C /* Products */ = {
			isa = PBXGroup;
			children = (
				8EAF7300281A9A9A00FF770C /* ScrumDinger.app */,
				8EAF7310281A9A9C00FF770C /* ScrumDingerTests.xctest */,
				8EAF731A281A9A9C00FF770C /* ScrumDingerUITests.xctest */,
			);
			name = Products;
			sourceTree = "<group>";
		};
		8EAF7302281A9A9A00FF770C /* ScrumDinger */ = {
			isa = PBXGroup;
			children = (
				8EAF732D281AA2A100FF770C /* Models */,
				8EAF7303281A9A9A00FF770C /* ScrumDingerApp.swift */,
				8EAF7305281A9A9A00FF770C /* MeetingView.swift */,
				8EAF7332281AB57900FF770C /* CardView.swift */,
				8EAF7334281ABFF900FF770C /* TrailingIconLabelStyle.swift */,
				8EAF7307281A9A9C00FF770C /* Assets.xcassets */,
				8EAF7309281A9A9C00FF770C /* Preview Content */,
			);
			path = ScrumDinger;
			sourceTree = "<group>";
		};
		8EAF7309281A9A9C00FF770C /* Preview Content */ = {
			isa = PBXGroup;
			children = (
				8EAF730A281A9A9C00FF770C /* Preview Assets.xcassets */,
			);
			path = "Preview Content";
			sourceTree = "<group>";
		};
		8EAF7313281A9A9C00FF770C /* ScrumDingerTests */ = {
			isa = PBXGroup;
			children = (
				8EAF7314281A9A9C00FF770C /* ScrumDingerTests.swift */,
			);
			path = ScrumDingerTests;
			sourceTree = "<group>";
		};
		8EAF731D281A9A9C00FF770C /* ScrumDingerUITests */ = {
			isa = PBXGroup;
			children = (
				8EAF731E281A9A9C00FF770C /* ScrumDingerUITests.swift */,
				8EAF7320281A9A9C00FF770C /* ScrumDingerUITestsLaunchTests.swift */,
			);
			path = ScrumDingerUITests;
			sourceTree = "<group>";
		};
		8EAF732D281AA2A100FF770C /* Models */ = {
			isa = PBXGroup;
			children = (
				8EAF732E281AA2AE00FF770C /* Theme.swift */,
				8EAF7330281AB4FA00FF770C /* DailyScrum.swift */,
			);
			path = Models;
			sourceTree = "<group>";
		};
/* End PBXGroup section */

/* Begin PBXNativeTarget section */
		8EAF72FF281A9A9A00FF770C /* ScrumDinger */ = {
			isa = PBXNativeTarget;
			buildConfigurationList = 8EAF7324281A9A9C00FF770C /* Build configuration list for PBXNativeTarget "ScrumDinger" */;
			buildPhases = (
				8EAF72FC281A9A9A00FF770C /* Sources */,
				8EAF72FD281A9A9A00FF770C /* Frameworks */,
				8EAF72FE281A9A9A00FF770C /* Resources */,
			);
			buildRules = (
			);
			dependencies = (
			);
			name = ScrumDinger;
			productName = ScrumDinger;
			productReference = 8EAF7300281A9A9A00FF770C /* ScrumDinger.app */;
			productType = "com.apple.product-type.application";
		};
		8EAF730F281A9A9C00FF770C /* ScrumDingerTests */ = {
			isa = PBXNativeTarget;
			buildConfigurationList = 8EAF7327281A9A9C00FF770C /* Build configuration list for PBXNativeTarget "ScrumDingerTests" */;
			buildPhases = (
				8EAF730C281A9A9C00FF770C /* Sources */,
				8EAF730D281A9A9C00FF770C /* Frameworks */,
				8EAF730E281A9A9C00FF770C /* Resources */,
			);
			buildRules = (
			);
			dependencies = (
				8EAF7312281A9A9C00FF770C /* PBXTargetDependency */,
			);
			name = ScrumDingerTests;
			productName = ScrumDingerTests;
			productReference = 8EAF7310281A9A9C00FF770C /* ScrumDingerTests.xctest */;
			productType = "com.apple.product-type.bundle.unit-test";
		};
		8EAF7319281A9A9C00FF770C /* ScrumDingerUITests */ = {
			isa = PBXNativeTarget;
			buildConfigurationList = 8EAF732A281A9A9C00FF770C /* Build configuration list for PBXNativeTarget "ScrumDingerUITests" */;
			buildPhases = (
				8EAF7316281A9A9C00FF770C /* Sources */,
				8EAF7317281A9A9C00FF770C /* Frameworks */,
				8EAF7318281A9A9C00FF770C /* Resources */,
			);
			buildRules = (
			);
			dependencies = (
				8EAF731C281A9A9C00FF770C /* PBXTargetDependency */,
			);
			name = ScrumDingerUITests;
			productName = ScrumDingerUITests;
			productReference = 8EAF731A281A9A9C00FF770C /* ScrumDingerUITests.xctest */;
			productType = "com.apple.product-type.bundle.ui-testing";
		};
/* End PBXNativeTarget section */

/* Begin PBXProject section */
		8EAF72F8281A9A9A00FF770C /* Project object */ = {
			isa = PBXProject;
			attributes = {
				BuildIndependentTargetsInParallel = 1;
				LastSwiftUpdateCheck = 1320;
				LastUpgradeCheck = 1320;
				TargetAttributes = {
					8EAF72FF281A9A9A00FF770C = {
						CreatedOnToolsVersion = 13.2.1;
					};
					8EAF730F281A9A9C00FF770C = {
						CreatedOnToolsVersion = 13.2.1;
						TestTargetID = 8EAF72FF281A9A9A00FF770C;
					};
					8EAF7319281A9A9C00FF770C = {
						CreatedOnToolsVersion = 13.2.1;
						TestTargetID = 8EAF72FF281A9A9A00FF770C;
					};
				};
			};
			buildConfigurationList = 8EAF72FB281A9A9A00FF770C /* Build configuration list for PBXProject "ScrumDinger" */;
			compatibilityVersion = "Xcode 13.0";
			developmentRegion = en;
			hasScannedForEncodings = 0;
			knownRegions = (
				en,
				Base,
			);
			mainGroup = 8EAF72F7281A9A9A00FF770C;
			productRefGroup = 8EAF7301281A9A9A00FF770C /* Products */;
			projectDirPath = "";
			projectRoot = "";
			targets = (
				8EAF72FF281A9A9A00FF770C /* ScrumDinger */,
				8EAF730F281A9A9C00FF770C /* ScrumDingerTests */,
				8EAF7319281A9A9C00FF770C /* ScrumDingerUITests */,
			);
		};
/* End PBXProject section */

/* Begin PBXResourcesBuildPhase section */
		8EAF72FE281A9A9A00FF770C /* Resources */ = {
			isa = PBXResourcesBuildPhase;
			buildActionMask = 2147483647;
			files = (
				8EAF730B281A9A9C00FF770C /* Preview Assets.xcassets in Resources */,
				8EAF7308281A9A9C00FF770C /* Assets.xcassets in Resources */,
			);
			runOnlyForDeploymentPostprocessing = 0;
		};
		8EAF730E281A9A9C00FF770C /* Resources */ = {
			isa = PBXResourcesBuildPhase;
			buildActionMask = 2147483647;
			files = (
			);
			runOnlyForDeploymentPostprocessing = 0;
		};
		8EAF7318281A9A9C00FF770C /* Resources */ = {
			isa = PBXResourcesBuildPhase;
			buildActionMask = 2147483647;
			files = (
			);
			runOnlyForDeploymentPostprocessing = 0;
		};
/* End PBXResourcesBuildPhase section */

/* Begin PBXSourcesBuildPhase section */
		8EAF72FC281A9A9A00FF770C /* Sources */ = {
			isa = PBXSourcesBuildPhase;
			buildActionMask = 2147483647;
			files = (
				8EAF7331281AB4FA00FF770C /* DailyScrum.swift in Sources */,
				8EAF7335281ABFF900FF770C /* TrailingIconLabelStyle.swift in Sources */,
				8EAF732F281AA2AE00FF770C /* Theme.swift in Sources */,
				8EAF7306281A9A9A00FF770C /* MeetingView.swift in Sources */,
				8EAF7304281A9A9A00FF770C /* ScrumDingerApp.swift in Sources */,
				8EAF7333281AB57900FF770C /* CardView.swift in Sources */,
			);
			runOnlyForDeploymentPostprocessing = 0;
		};
		8EAF730C281A9A9C00FF770C /* Sources */ = {
			isa = PBXSourcesBuildPhase;
			buildActionMask = 2147483647;
			files = (
				8EAF7315281A9A9C00FF770C /* ScrumDingerTests.swift in Sources */,
			);
			runOnlyForDeploymentPostprocessing = 0;
		};
		8EAF7316281A9A9C00FF770C /* Sources */ = {
			isa = PBXSourcesBuildPhase;
			buildActionMask = 2147483647;
			files = (
				8EAF7321281A9A9C00FF770C /* ScrumDingerUITestsLaunchTests.swift in Sources */,
				8EAF731F281A9A9C00FF770C /* ScrumDingerUITests.swift in Sources */,
			);
			runOnlyForDeploymentPostprocessing = 0;
		};
/* End PBXSourcesBuildPhase section */

/* Begin PBXTargetDependency section */
		8EAF7312281A9A9C00FF770C /* PBXTargetDependency */ = {
			isa = PBXTargetDependency;
			target = 8EAF72FF281A9A9A00FF770C /* ScrumDinger */;
			targetProxy = 8EAF7311281A9A9C00FF770C /* PBXContainerItemProxy */;
		};
		8EAF731C281A9A9C00FF770C /* PBXTargetDependency */ = {
			isa = PBXTargetDependency;
			target = 8EAF72FF281A9A9A00FF770C /* ScrumDinger */;
			targetProxy = 8EAF731B281A9A9C00FF770C /* PBXContainerItemProxy */;
		};
/* End PBXTargetDependency section */

/* Begin XCBuildConfiguration section */
		8EAF7322281A9A9C00FF770C /* Debug */ = {
			isa = XCBuildConfiguration;
			buildSettings = {
				ALWAYS_SEARCH_USER_PATHS = NO;
				CLANG_ANALYZER_NONNULL = YES;
				CLANG_ANALYZER_NUMBER_OBJECT_CONVERSION = YES_AGGRESSIVE;
				CLANG_CXX_LANGUAGE_STANDARD = "gnu++17";
				CLANG_CXX_LIBRARY = "libc++";
				CLANG_ENABLE_MODULES = YES;
				CLANG_ENABLE_OBJC_ARC = YES;
				CLANG_ENABLE_OBJC_WEAK = YES;
				CLANG_WARN_BLOCK_CAPTURE_AUTORELEASING = YES;
				CLANG_WARN_BOOL_CONVERSION = YES;
				CLANG_WARN_COMMA = YES;
				CLANG_WARN_CONSTANT_CONVERSION = YES;
				CLANG_WARN_DEPRECATED_OBJC_IMPLEMENTATIONS = YES;
				CLANG_WARN_DIRECT_OBJC_ISA_USAGE = YES_ERROR;
				CLANG_WARN_DOCUMENTATION_COMMENTS = YES;
				CLANG_WARN_EMPTY_BODY = YES;
				CLANG_WARN_ENUM_CONVERSION = YES;
				CLANG_WARN_INFINITE_RECURSION = YES;
				CLANG_WARN_INT_CONVERSION = YES;
				CLANG_WARN_NON_LITERAL_NULL_CONVERSION = YES;
				CLANG_WARN_OBJC_IMPLICIT_RETAIN_SELF = YES;
				CLANG_WARN_OBJC_LITERAL_CONVERSION = YES;
				CLANG_WARN_OBJC_ROOT_CLASS = YES_ERROR;
				CLANG_WARN_QUOTED_INCLUDE_IN_FRAMEWORK_HEADER = YES;
				CLANG_WARN_RANGE_LOOP_ANALYSIS = YES;
				CLANG_WARN_STRICT_PROTOTYPES = YES;
				CLANG_WARN_SUSPICIOUS_MOVE = YES;
				CLANG_WARN_UNGUARDED_AVAILABILITY = YES_AGGRESSIVE;
				CLANG_WARN_UNREACHABLE_CODE = YES;
				CLANG_WARN__DUPLICATE_METHOD_MATCH = YES;
				COPY_PHASE_STRIP = NO;
				DEBUG_INFORMATION_FORMAT = dwarf;
				ENABLE_STRICT_OBJC_MSGSEND = YES;
				ENABLE_TESTABILITY = YES;
				GCC_C_LANGUAGE_STANDARD = gnu11;
				GCC_DYNAMIC_NO_PIC = NO;
				GCC_NO_COMMON_BLOCKS = YES;
				GCC_OPTIMIZATION_LEVEL = 0;
				GCC_PREPROCESSOR_DEFINITIONS = (
					"DEBUG=1",
					"$(inherited)",
				);
				GCC_WARN_64_TO_32_BIT_CONVERSION = YES;
				GCC_WARN_ABOUT_RETURN_TYPE = YES_ERROR;
				GCC_WARN_UNDECLARED_SELECTOR = YES;
				GCC_WARN_UNINITIALIZED_AUTOS = YES_AGGRESSIVE;
				GCC_WARN_UNUSED_FUNCTION = YES;
				GCC_WARN_UNUSED_VARIABLE = YES;
				IPHONEOS_DEPLOYMENT_TARGET = 15.2;
				MTL_ENABLE_DEBUG_INFO = INCLUDE_SOURCE;
				MTL_FAST_MATH = YES;
				ONLY_ACTIVE_ARCH = YES;
				SDKROOT = iphoneos;
				SWIFT_ACTIVE_COMPILATION_CONDITIONS = DEBUG;
				SWIFT_OPTIMIZATION_LEVEL = "-Onone";
			};
			name = Debug;
		};
		8EAF7323281A9A9C00FF770C /* Release */ = {
			isa = XCBuildConfiguration;
			buildSettings = {
				ALWAYS_SEARCH_USER_PATHS = NO;
				CLANG_ANALYZER_NONNULL = YES;
				CLANG_ANALYZER_NUMBER_OBJECT_CONVERSION = YES_AGGRESSIVE;
				CLANG_CXX_LANGUAGE_STANDARD = "gnu++17";
				CLANG_CXX_LIBRARY = "libc++";
				CLANG_ENABLE_MODULES = YES;
				CLANG_ENABLE_OBJC_ARC = YES;
				CLANG_ENABLE_OBJC_WEAK = YES;
				CLANG_WARN_BLOCK_CAPTURE_AUTORELEASING = YES;
				CLANG_WARN_BOOL_CONVERSION = YES;
				CLANG_WARN_COMMA = YES;
				CLANG_WARN_CONSTANT_CONVERSION = YES;
				CLANG_WARN_DEPRECATED_OBJC_IMPLEMENTATIONS = YES;
				CLANG_WARN_DIRECT_OBJC_ISA_USAGE = YES_ERROR;
				CLANG_WARN_DOCUMENTATION_COMMENTS = YES;
				CLANG_WARN_EMPTY_BODY = YES;
				CLANG_WARN_ENUM_CONVERSION = YES;
				CLANG_WARN_INFINITE_RECURSION = YES;
				CLANG_WARN_INT_CONVERSION = YES;
				CLANG_WARN_NON_LITERAL_NULL_CONVERSION = YES;
				CLANG_WARN_OBJC_IMPLICIT_RETAIN_SELF = YES;
				CLANG_WARN_OBJC_LITERAL_CONVERSION = YES;
				CLANG_WARN_OBJC_ROOT_CLASS = YES_ERROR;
				CLANG_WARN_QUOTED_INCLUDE_IN_FRAMEWORK_HEADER = YES;
				CLANG_WARN_RANGE_LOOP_ANALYSIS = YES;
				CLANG_WARN_STRICT_PROTOTYPES = YES;
				CLANG_WARN_SUSPICIOUS_MOVE = YES;
				CLANG_WARN_UNGUARDED_AVAILABILITY = YES_AGGRESSIVE;
				CLANG_WARN_UNREACHABLE_CODE = YES;
				CLANG_WARN__DUPLICATE_METHOD_MATCH = YES;
				COPY_PHASE_STRIP = NO;
				DEBUG_INFORMATION_FORMAT = "dwarf-with-dsym";
				ENABLE_NS_ASSERTIONS = NO;
				ENABLE_STRICT_OBJC_MSGSEND = YES;
				GCC_C_LANGUAGE_STANDARD = gnu11;
				GCC_NO_COMMON_BLOCKS = YES;
				GCC_WARN_64_TO_32_BIT_CONVERSION = YES;
				GCC_WARN_ABOUT_RETURN_TYPE = YES_ERROR;
				GCC_WARN_UNDECLARED_SELECTOR = YES;
				GCC_WARN_UNINITIALIZED_AUTOS = YES_AGGRESSIVE;
				GCC_WARN_UNUSED_FUNCTION = YES;
				GCC_WARN_UNUSED_VARIABLE = YES;
				IPHONEOS_DEPLOYMENT_TARGET = 15.2;
				MTL_ENABLE_DEBUG_INFO = NO;
				MTL_FAST_MATH = YES;
				SDKROOT = iphoneos;
				SWIFT_COMPILATION_MODE = wholemodule;
				SWIFT_OPTIMIZATION_LEVEL = "-O";
				VALIDATE_PRODUCT = YES;
			};
			name = Release;
		};
		8EAF7325281A9A9C00FF770C /* Debug */ = {
			isa = XCBuildConfiguration;
			buildSettings = {
				ASSETCATALOG_COMPILER_APPICON_NAME = AppIcon;
				ASSETCATALOG_COMPILER_GLOBAL_ACCENT_COLOR_NAME = AccentColor;
				CODE_SIGN_STYLE = Automatic;
				CURRENT_PROJECT_VERSION = 1;
				DEVELOPMENT_ASSET_PATHS = "\"ScrumDinger/Preview Content\"";
				DEVELOPMENT_TEAM = SZZUJ474SG;
				ENABLE_PREVIEWS = YES;
				GENERATE_INFOPLIST_FILE = YES;
				INFOPLIST_KEY_UIApplicationSceneManifest_Generation = YES;
				INFOPLIST_KEY_UIApplicationSupportsIndirectInputEvents = YES;
				INFOPLIST_KEY_UILaunchScreen_Generation = YES;
				INFOPLIST_KEY_UISupportedInterfaceOrientations_iPad = "UIInterfaceOrientationPortrait UIInterfaceOrientationPortraitUpsideDown UIInterfaceOrientationLandscapeLeft UIInterfaceOrientationLandscapeRight";
				INFOPLIST_KEY_UISupportedInterfaceOrientations_iPhone = "UIInterfaceOrientationPortrait UIInterfaceOrientationLandscapeLeft UIInterfaceOrientationLandscapeRight";
				LD_RUNPATH_SEARCH_PATHS = (
					"$(inherited)",
					"@executable_path/Frameworks",
				);
				MARKETING_VERSION = 1.0;
				PRODUCT_BUNDLE_IDENTIFIER = project.ScrumDinger;
				PRODUCT_NAME = "$(TARGET_NAME)";
				SWIFT_EMIT_LOC_STRINGS = YES;
				SWIFT_VERSION = 5.0;
				TARGETED_DEVICE_FAMILY = "1,2";
			};
			name = Debug;
		};
		8EAF7326281A9A9C00FF770C /* Release */ = {
			isa = XCBuildConfiguration;
			buildSettings = {
				ASSETCATALOG_COMPILER_APPICON_NAME = AppIcon;
				ASSETCATALOG_COMPILER_GLOBAL_ACCENT_COLOR_NAME = AccentColor;
				CODE_SIGN_STYLE = Automatic;
				CURRENT_PROJECT_VERSION = 1;
				DEVELOPMENT_ASSET_PATHS = "\"ScrumDinger/Preview Content\"";
				DEVELOPMENT_TEAM = SZZUJ474SG;
				ENABLE_PREVIEWS = YES;
				GENERATE_INFOPLIST_FILE = YES;
				INFOPLIST_KEY_UIApplicationSceneManifest_Generation = YES;
				INFOPLIST_KEY_UIApplicationSupportsIndirectInputEvents = YES;
				INFOPLIST_KEY_UILaunchScreen_Generation = YES;
				INFOPLIST_KEY_UISupportedInterfaceOrientations_iPad = "UIInterfaceOrientationPortrait UIInterfaceOrientationPortraitUpsideDown UIInterfaceOrientationLandscapeLeft UIInterfaceOrientationLandscapeRight";
				INFOPLIST_KEY_UISupportedInterfaceOrientations_iPhone = "UIInterfaceOrientationPortrait UIInterfaceOrientationLandscapeLeft UIInterfaceOrientationLandscapeRight";
				LD_RUNPATH_SEARCH_PATHS = (
					"$(inherited)",
					"@executable_path/Frameworks",
				);
				MARKETING_VERSION = 1.0;
				PRODUCT_BUNDLE_IDENTIFIER = project.ScrumDinger;
				PRODUCT_NAME = "$(TARGET_NAME)";
				SWIFT_EMIT_LOC_STRINGS = YES;
				SWIFT_VERSION = 5.0;
				TARGETED_DEVICE_FAMILY = "1,2";
			};
			name = Release;
		};
		8EAF7328281A9A9C00FF770C /* Debug */ = {
			isa = XCBuildConfiguration;
			buildSettings = {
				ALWAYS_EMBED_SWIFT_STANDARD_LIBRARIES = YES;
				BUNDLE_LOADER = "$(TEST_HOST)";
				CODE_SIGN_STYLE = Automatic;
				CURRENT_PROJECT_VERSION = 1;
				DEVELOPMENT_TEAM = SZZUJ474SG;
				GENERATE_INFOPLIST_FILE = YES;
				IPHONEOS_DEPLOYMENT_TARGET = 15.2;
				MARKETING_VERSION = 1.0;
				PRODUCT_BUNDLE_IDENTIFIER = project.ScrumDingerTests;
				PRODUCT_NAME = "$(TARGET_NAME)";
				SWIFT_EMIT_LOC_STRINGS = NO;
				SWIFT_VERSION = 5.0;
				TARGETED_DEVICE_FAMILY = "1,2";
				TEST_HOST = "$(BUILT_PRODUCTS_DIR)/ScrumDinger.app/ScrumDinger";
			};
			name = Debug;
		};
		8EAF7329281A9A9C00FF770C /* Release */ = {
			isa = XCBuildConfiguration;
			buildSettings = {
				ALWAYS_EMBED_SWIFT_STANDARD_LIBRARIES = YES;
				BUNDLE_LOADER = "$(TEST_HOST)";
				CODE_SIGN_STYLE = Automatic;
				CURRENT_PROJECT_VERSION = 1;
				DEVELOPMENT_TEAM = SZZUJ474SG;
				GENERATE_INFOPLIST_FILE = YES;
				IPHONEOS_DEPLOYMENT_TARGET = 15.2;
				MARKETING_VERSION = 1.0;
				PRODUCT_BUNDLE_IDENTIFIER = project.ScrumDingerTests;
				PRODUCT_NAME = "$(TARGET_NAME)";
				SWIFT_EMIT_LOC_STRINGS = NO;
				SWIFT_VERSION = 5.0;
				TARGETED_DEVICE_FAMILY = "1,2";
				TEST_HOST = "$(BUILT_PRODUCTS_DIR)/ScrumDinger.app/ScrumDinger";
			};
			name = Release;
		};
		8EAF732B281A9A9C00FF770C /* Debug */ = {
			isa = XCBuildConfiguration;
			buildSettings = {
				ALWAYS_EMBED_SWIFT_STANDARD_LIBRARIES = YES;
				CODE_SIGN_STYLE = Automatic;
				CURRENT_PROJECT_VERSION = 1;
				DEVELOPMENT_TEAM = SZZUJ474SG;
				GENERATE_INFOPLIST_FILE = YES;
				MARKETING_VERSION = 1.0;
				PRODUCT_BUNDLE_IDENTIFIER = project.ScrumDingerUITests;
				PRODUCT_NAME = "$(TARGET_NAME)";
				SWIFT_EMIT_LOC_STRINGS = NO;
				SWIFT_VERSION = 5.0;
				TARGETED_DEVICE_FAMILY = "1,2";
				TEST_TARGET_NAME = ScrumDinger;
			};
			name = Debug;
		};
		8EAF732C281A9A9C00FF770C /* Release */ = {
			isa = XCBuildConfiguration;
			buildSettings = {
				ALWAYS_EMBED_SWIFT_STANDARD_LIBRARIES = YES;
				CODE_SIGN_STYLE = Automatic;
				CURRENT_PROJECT_VERSION = 1;
				DEVELOPMENT_TEAM = SZZUJ474SG;
				GENERATE_INFOPLIST_FILE = YES;
				MARKETING_VERSION = 1.0;
				PRODUCT_BUNDLE_IDENTIFIER = project.ScrumDingerUITests;
				PRODUCT_NAME = "$(TARGET_NAME)";
				SWIFT_EMIT_LOC_STRINGS = NO;
				SWIFT_VERSION = 5.0;
				TARGETED_DEVICE_FAMILY = "1,2";
				TEST_TARGET_NAME = ScrumDinger;
			};
			name = Release;
		};
/* End XCBuildConfiguration section */

/* Begin XCConfigurationList section */
		8EAF72FB281A9A9A00FF770C /* Build configuration list for PBXProject "ScrumDinger" */ = {
			isa = XCConfigurationList;
			buildConfigurations = (
				8EAF7322281A9A9C00FF770C /* Debug */,
				8EAF7323281A9A9C00FF770C /* Release */,
			);
			defaultConfigurationIsVisible = 0;
			defaultConfigurationName = Release;
		};
		8EAF7324281A9A9C00FF770C /* Build configuration list for PBXNativeTarget "ScrumDinger" */ = {
			isa = XCConfigurationList;
			buildConfigurations = (
				8EAF7325281A9A9C00FF770C /* Debug */,
				8EAF7326281A9A9C00FF770C /* Release */,
			);
			defaultConfigurationIsVisible = 0;
			defaultConfigurationName = Release;
		};
		8EAF7327281A9A9C00FF770C /* Build configuration list for PBXNativeTarget "ScrumDingerTests" */ = {
			isa = XCConfigurationList;
			buildConfigurations = (
				8EAF7328281A9A9C00FF770C /* Debug */,
				8EAF7329281A9A9C00FF770C /* Release */,
			);
			defaultConfigurationIsVisible = 0;
			defaultConfigurationName = Release;
		};
		8EAF732A281A9A9C00FF770C /* Build configuration list for PBXNativeTarget "ScrumDingerUITests" */ = {
			isa = XCConfigurationList;
			buildConfigurations = (
				8EAF732B281A9A9C00FF770C /* Debug */,
				8EAF732C281A9A9C00FF770C /* Release */,
			);
			defaultConfigurationIsVisible = 0;
			defaultConfigurationName = Release;
		};
/* End XCConfigurationList section */
	};
	rootObject = 8EAF72F8281A9A9A00FF770C /* Project object */;
}
